
Microsoft Visual Studio Solution File, Format Version 12.00
# Visual Studio Version 17
VisualStudioVersion = 17.9.34902.65
MinimumVisualStudioVersion = 10.0.40219.1
Project("{9A19103F-16F7-4668-BE54-9A1E7A4F7556}") = "lab3", "lab3.csproj", "{3D6F0E36-AE54-4980-9077-8656F73D58BD}"
EndProject
Global
	GlobalSection(SolutionConfigurationPlatforms) = preSolution
		Debug|Any CPU = Debug|Any CPU
		Release|Any CPU = Release|Any CPU
	EndGlobalSection
	GlobalSection(ProjectConfigurationPlatforms) = postSolution
		{3D6F0E36-AE54-4980-9077-8656F73D58BD}.Debug|Any CPU.ActiveCfg = Debug|Any CPU
		{3D6F0E36-AE54-4980-9077-8656F73D58BD}.Debug|Any CPU.Build.0 = Debug|Any CPU
		{3D6F0E36-AE54-4980-9077-8656F73D58BD}.Release|Any CPU.ActiveCfg = Release|Any CPU
		{3D6F0E36-AE54-4980-9077-8656F73D58BD}.Release|Any CPU.Build.0 = Release|Any CPU
	EndGlobalSection
	GlobalSection(SolutionProperties) = preSolution
		HideSolutionNode = FALSE
	EndGlobalSection
	GlobalSection(ExtensibilityGlobals) = postSolution
		SolutionGuid = {FD929394-A34C-4499-94A9-D93518C37068}
	EndGlobalSection
EndGlobal
