
Microsoft Visual Studio Solution File, Format Version 12.00
# Visual Studio Version 17
VisualStudioVersion = 17.9.34902.65
MinimumVisualStudioVersion = 10.0.40219.1
Project("{9A19103F-16F7-4668-BE54-9A1E7A4F7556}") = "api1", "api1\api1.csproj", "{6E52697E-6698-48D0-9EB6-C07DBCFAF12B}"
EndProject
Project("{FAE04EC0-301F-11D3-BF4B-00C04F79EFBC}") = "api2.Server", "api2\api2.Server\api2.Server.csproj", "{702D94EF-C82B-45E3-9950-1E91CABDC820}"
EndProject
Project("{54A90642-561A-4BB1-A94E-469ADEE60C69}") = "api2.client", "api2\api2.client\api2.client.esproj", "{3E9BD360-1B6A-4208-82D7-B8DB024B2F3B}"
EndProject
Global
	GlobalSection(SolutionConfigurationPlatforms) = preSolution
		Debug|Any CPU = Debug|Any CPU
		Release|Any CPU = Release|Any CPU
	EndGlobalSection
	GlobalSection(ProjectConfigurationPlatforms) = postSolution
		{6E52697E-6698-48D0-9EB6-C07DBCFAF12B}.Debug|Any CPU.ActiveCfg = Debug|Any CPU
		{6E52697E-6698-48D0-9EB6-C07DBCFAF12B}.Debug|Any CPU.Build.0 = Debug|Any CPU
		{6E52697E-6698-48D0-9EB6-C07DBCFAF12B}.Release|Any CPU.ActiveCfg = Release|Any CPU
		{6E52697E-6698-48D0-9EB6-C07DBCFAF12B}.Release|Any CPU.Build.0 = Release|Any CPU
		{702D94EF-C82B-45E3-9950-1E91CABDC820}.Debug|Any CPU.ActiveCfg = Debug|Any CPU
		{702D94EF-C82B-45E3-9950-1E91CABDC820}.Debug|Any CPU.Build.0 = Debug|Any CPU
		{702D94EF-C82B-45E3-9950-1E91CABDC820}.Release|Any CPU.ActiveCfg = Release|Any CPU
		{702D94EF-C82B-45E3-9950-1E91CABDC820}.Release|Any CPU.Build.0 = Release|Any CPU
		{3E9BD360-1B6A-4208-82D7-B8DB024B2F3B}.Debug|Any CPU.ActiveCfg = Debug|Any CPU
		{3E9BD360-1B6A-4208-82D7-B8DB024B2F3B}.Debug|Any CPU.Build.0 = Debug|Any CPU
		{3E9BD360-1B6A-4208-82D7-B8DB024B2F3B}.Debug|Any CPU.Deploy.0 = Debug|Any CPU
		{3E9BD360-1B6A-4208-82D7-B8DB024B2F3B}.Release|Any CPU.ActiveCfg = Release|Any CPU
		{3E9BD360-1B6A-4208-82D7-B8DB024B2F3B}.Release|Any CPU.Build.0 = Release|Any CPU
		{3E9BD360-1B6A-4208-82D7-B8DB024B2F3B}.Release|Any CPU.Deploy.0 = Release|Any CPU
	EndGlobalSection
	GlobalSection(SolutionProperties) = preSolution
		HideSolutionNode = FALSE
	EndGlobalSection
	GlobalSection(ExtensibilityGlobals) = postSolution
		SolutionGuid = {79F062A5-EEC8-4159-968D-AC63F795C9A2}
	EndGlobalSection
EndGlobal
